
Microsoft Visual Studio Solution File, Format Version 12.00
# Visual Studio Version 17
VisualStudioVersion = 17.12.35527.113 d17.12
MinimumVisualStudioVersion = 10.0.40219.1
Project("{FAE04EC0-301F-11D3-BF4B-00C04F79EFBC}") = "TestRunner", "TestRunner.csproj", "{145D090A-35F5-4CCC-A587-DB8914AD4579}"
EndProject
Project("{FAE04EC0-301F-11D3-BF4B-00C04F79EFBC}") = "Tests", "..\Tests\Tests.csproj", "{6A2C8E23-670C-40B6-A104-33014F7FEEA3}"
EndProject
Global
	GlobalSection(SolutionConfigurationPlatforms) = preSolution
		Debug|Any CPU = Debug|Any CPU
		Release|Any CPU = Release|Any CPU
	EndGlobalSection
	GlobalSection(ProjectConfigurationPlatforms) = postSolution
		{145D090A-35F5-4CCC-A587-DB8914AD4579}.Debug|Any CPU.ActiveCfg = Debug|Any CPU
		{145D090A-35F5-4CCC-A587-DB8914AD4579}.Debug|Any CPU.Build.0 = Debug|Any CPU
		{145D090A-35F5-4CCC-A587-DB8914AD4579}.Release|Any CPU.ActiveCfg = Release|Any CPU
		{145D090A-35F5-4CCC-A587-DB8914AD4579}.Release|Any CPU.Build.0 = Release|Any CPU
		{6A2C8E23-670C-40B6-A104-33014F7FEEA3}.Debug|Any CPU.ActiveCfg = Debug|Any CPU
		{6A2C8E23-670C-40B6-A104-33014F7FEEA3}.Debug|Any CPU.Build.0 = Debug|Any CPU
		{6A2C8E23-670C-40B6-A104-33014F7FEEA3}.Release|Any CPU.ActiveCfg = Release|Any CPU
		{6A2C8E23-670C-40B6-A104-33014F7FEEA3}.Release|Any CPU.Build.0 = Release|Any CPU
	EndGlobalSection
	GlobalSection(SolutionProperties) = preSolution
		HideSolutionNode = FALSE
	EndGlobalSection
EndGlobal
